
Microsoft Visual Studio Solution File, Format Version 12.00
# Visual Studio Version 16
VisualStudioVersion = 16.0.29911.84
MinimumVisualStudioVersion = 10.0.40219.1
Project("{FAE04EC0-301F-11D3-BF4B-00C04F79EFBC}") = "Boutique.Web", "Boutique.Web\Boutique.Web.csproj", "{5CE1988F-FEB2-40F3-B442-8D26579A3868}"
EndProject
Project("{FAE04EC0-301F-11D3-BF4B-00C04F79EFBC}") = "Boutique.Common", "Boutique.Common\Boutique.Common.csproj", "{C9A7E53A-EE1F-4BA4-8C73-2FBB641A5E6F}"
EndProject
Global
	GlobalSection(SolutionConfigurationPlatforms) = preSolution
		Debug|Any CPU = Debug|Any CPU
		Release|Any CPU = Release|Any CPU
	EndGlobalSection
	GlobalSection(ProjectConfigurationPlatforms) = postSolution
		{5CE1988F-FEB2-40F3-B442-8D26579A3868}.Debug|Any CPU.ActiveCfg = Debug|Any CPU
		{5CE1988F-FEB2-40F3-B442-8D26579A3868}.Debug|Any CPU.Build.0 = Debug|Any CPU
		{5CE1988F-FEB2-40F3-B442-8D26579A3868}.Release|Any CPU.ActiveCfg = Release|Any CPU
		{5CE1988F-FEB2-40F3-B442-8D26579A3868}.Release|Any CPU.Build.0 = Release|Any CPU
		{C9A7E53A-EE1F-4BA4-8C73-2FBB641A5E6F}.Debug|Any CPU.ActiveCfg = Debug|Any CPU
		{C9A7E53A-EE1F-4BA4-8C73-2FBB641A5E6F}.Debug|Any CPU.Build.0 = Debug|Any CPU
		{C9A7E53A-EE1F-4BA4-8C73-2FBB641A5E6F}.Release|Any CPU.ActiveCfg = Release|Any CPU
		{C9A7E53A-EE1F-4BA4-8C73-2FBB641A5E6F}.Release|Any CPU.Build.0 = Release|Any CPU
	EndGlobalSection
	GlobalSection(SolutionProperties) = preSolution
		HideSolutionNode = FALSE
	EndGlobalSection
	GlobalSection(ExtensibilityGlobals) = postSolution
		SolutionGuid = {A14382C4-5BB8-49AB-9769-527AFD866221}
	EndGlobalSection
EndGlobal
